
Microsoft Visual Studio Solution File, Format Version 12.00
# Visual Studio Version 17
VisualStudioVersion = 17.3.32825.248
MinimumVisualStudioVersion = 10.0.40219.1
Project("{FAE04EC0-301F-11D3-BF4B-00C04F79EFBC}") = "HMZ.Web", "HMZ.Web\HMZ.Web.csproj", "{F45AE613-EF46-4238-BA4C-189459004A01}"
EndProject
Project("{FAE04EC0-301F-11D3-BF4B-00C04F79EFBC}") = "HMZ.Data", "HMZ.Data\HMZ.Data.csproj", "{5F3EC968-3011-4852-AC88-4F775A008488}"
EndProject
Project("{FAE04EC0-301F-11D3-BF4B-00C04F79EFBC}") = "HMZ.Service", "HMZ.Service\HMZ.Service.csproj", "{31D3FC63-A08B-480C-8316-39424CEA44D0}"
EndProject
Global
	GlobalSection(SolutionConfigurationPlatforms) = preSolution
		Debug|Any CPU = Debug|Any CPU
		Release|Any CPU = Release|Any CPU
	EndGlobalSection
	GlobalSection(ProjectConfigurationPlatforms) = postSolution
		{F45AE613-EF46-4238-BA4C-189459004A01}.Debug|Any CPU.ActiveCfg = Debug|Any CPU
		{F45AE613-EF46-4238-BA4C-189459004A01}.Debug|Any CPU.Build.0 = Debug|Any CPU
		{F45AE613-EF46-4238-BA4C-189459004A01}.Release|Any CPU.ActiveCfg = Release|Any CPU
		{F45AE613-EF46-4238-BA4C-189459004A01}.Release|Any CPU.Build.0 = Release|Any CPU
		{5F3EC968-3011-4852-AC88-4F775A008488}.Debug|Any CPU.ActiveCfg = Debug|Any CPU
		{5F3EC968-3011-4852-AC88-4F775A008488}.Debug|Any CPU.Build.0 = Debug|Any CPU
		{5F3EC968-3011-4852-AC88-4F775A008488}.Release|Any CPU.ActiveCfg = Release|Any CPU
		{5F3EC968-3011-4852-AC88-4F775A008488}.Release|Any CPU.Build.0 = Release|Any CPU
		{31D3FC63-A08B-480C-8316-39424CEA44D0}.Debug|Any CPU.ActiveCfg = Debug|Any CPU
		{31D3FC63-A08B-480C-8316-39424CEA44D0}.Debug|Any CPU.Build.0 = Debug|Any CPU
		{31D3FC63-A08B-480C-8316-39424CEA44D0}.Release|Any CPU.ActiveCfg = Release|Any CPU
		{31D3FC63-A08B-480C-8316-39424CEA44D0}.Release|Any CPU.Build.0 = Release|Any CPU
	EndGlobalSection
	GlobalSection(SolutionProperties) = preSolution
		HideSolutionNode = FALSE
	EndGlobalSection
	GlobalSection(ExtensibilityGlobals) = postSolution
		SolutionGuid = {E52BAD1B-20BF-4859-8C18-0C601C04E20C}
	EndGlobalSection
EndGlobal
